{
  "name": "enome",
  "version": "1.1.0",
  "lockfileVersion": 1,
  "dependencies": {
    "@types/lodash": {
      "version": "4.14.70",
      "resolved": "https://registry.npmjs.org/@types/lodash/-/lodash-4.14.70.tgz",
      "integrity": "sha512-uvDjWW3m7SFUhSpohfQvj32gRsVgRxA0Z0OfMJh8m/JuX4YJLHeEwRBuHJgvNgTAVBpJDFKVFeyrREuMwkE9Qw==",
      "dev": true
    },
    "@types/node": {
      "version": "7.0.38",
      "resolved": "https://registry.npmjs.org/@types/node/-/node-7.0.38.tgz",
      "integrity": "sha512-NFibBZau5MS5oBonJ1fVURTAH3gYbdcx40qXX9KEtYv0AzWh1uEbTaT6Hw6Z2x/z4IGHbJWrbGlQkCQ9mEozcw==",
      "dev": true
    },
    "chance": {
      "version": "1.0.10",
      "resolved": "https://registry.npmjs.org/chance/-/chance-1.0.10.tgz",
      "integrity": "sha1-A1ALBK2U53jdKJGwnsc6ath7GZY="
    },
    "d3-color": {
      "version": "1.0.3",
      "resolved": "https://registry.npmjs.org/d3-color/-/d3-color-1.0.3.tgz",
      "integrity": "sha1-vHZD/KjlOoNH4vva/6I2eWtYUJs="
    },
    "d3-interpolate": {
      "version": "1.1.5",
      "resolved": "https://registry.npmjs.org/d3-interpolate/-/d3-interpolate-1.1.5.tgz",
      "integrity": "sha1-aeCZ/zkhRxblY8muw+qdHqS4p58="
    },
    "lodash": {
      "version": "4.17.4",
      "resolved": "https://registry.npmjs.org/lodash/-/lodash-4.17.4.tgz",
      "integrity": "sha1-eCA6TRwyiuHYbcpkYONptX9AVa4="
    },
    "rxjs": {
      "version": "5.4.2",
      "resolved": "https://registry.npmjs.org/rxjs/-/rxjs-5.4.2.tgz",
      "integrity": "sha1-KjI2/L8D31e64G/Wly/ZnlwI/Pc="
    },
    "symbol-observable": {
      "version": "1.0.4",
      "resolved": "https://registry.npmjs.org/symbol-observable/-/symbol-observable-1.0.4.tgz",
      "integrity": "sha1-Kb9hXUqnEhvdiYsi1LP5vE4qoD0="
    },
    "typescript": {
      "version": "2.4.1",
      "resolved": "https://registry.npmjs.org/typescript/-/typescript-2.4.1.tgz",
      "integrity": "sha1-w8yxbdqgsjFN4DHn5v7onlujRrw=",
      "dev": true
    }
  }
}
